
Microsoft Visual Studio Solution File, Format Version 12.00
# Visual Studio 14
VisualStudioVersion = 14.0.25420.1
MinimumVisualStudioVersion = 10.0.40219.1
Project("{8BC9CEB8-8B4A-11D0-8D11-00A0C91BC942}") = "CppProperties", "CppProperties\CppProperties.vcxproj", "{AC00494F-1347-47E2-B499-0F4B984B02D7}"
EndProject
Project("{8BC9CEB8-8B4A-11D0-8D11-00A0C91BC942}") = "Convert", "Convert\Convert.vcxproj", "{C6413899-939E-48E8-A9E6-61C8D36C718F}"
EndProject
Project("{8BC9CEB8-8B4A-11D0-8D11-00A0C91BC942}") = "Core.Datastructures", "Core.Datastructures\Core.Datastructures.vcxproj", "{0014FC10-6562-426A-89E4-3CFE0400810C}"
EndProject
Project("{8BC9CEB8-8B4A-11D0-8D11-00A0C91BC942}") = "Core.DBEngine", "Core.DBEngine\Core.DBEngine.vcxproj", "{570CF30D-611A-42EB-AB4E-EC57CC0E533D}"
EndProject
Project("{8BC9CEB8-8B4A-11D0-8D11-00A0C91BC942}") = "Core.StorageManager", "Core.StorageManager\Core.StorageManager.vcxproj", "{846BA42A-C4A3-4744-83DB-A51DBB80564C}"
EndProject
Project("{8BC9CEB8-8B4A-11D0-8D11-00A0C91BC942}") = "XmlDocument", "XmlDocument\XmlDocument.vcxproj", "{0A82ECDC-7520-453A-8F2C-D813FEEE7537}"
EndProject
Project("{8BC9CEB8-8B4A-11D0-8D11-00A0C91BC942}") = "XmlElement", "XmlElement\XmlElement.vcxproj", "{406B7BC4-3A0D-4E79-A55F-39E1FB33A5ED}"
EndProject
Project("{8BC9CEB8-8B4A-11D0-8D11-00A0C91BC942}") = "AbstractSyntaxTree", "AbstractSyntaxTree\AbstractSyntaxTree.vcxproj", "{53C7C53B-4D2F-4E71-9AF3-0B77DD0034B3}"
EndProject
Project("{8BC9CEB8-8B4A-11D0-8D11-00A0C91BC942}") = "FileMgr", "FileMgr\FileMgr.vcxproj", "{DDEE27FF-855E-4D10-AD7B-79CB8966EF13}"
EndProject
Project("{8BC9CEB8-8B4A-11D0-8D11-00A0C91BC942}") = "FileSystem", "FileSystem\FileSystem.vcxproj", "{04CB7A5F-7472-4F19-9EA9-00B80063658C}"
EndProject
Project("{8BC9CEB8-8B4A-11D0-8D11-00A0C91BC942}") = "GrammarHelpers", "GrammarHelpers\GrammarHelpers.vcxproj", "{119080C0-DA30-4A3C-85D6-37315067CB1A}"
EndProject
Project("{8BC9CEB8-8B4A-11D0-8D11-00A0C91BC942}") = "Logger", "Logger\Logger.vcxproj", "{66D2C764-9DA8-4505-B869-8E84E8968F7C}"
EndProject
Project("{8BC9CEB8-8B4A-11D0-8D11-00A0C91BC942}") = "Parser", "Parser\Parser.vcxproj", "{77BE9964-7862-4D05-AFF0-B42718AAE386}"
EndProject
Project("{8BC9CEB8-8B4A-11D0-8D11-00A0C91BC942}") = "ScopeStack", "ScopeStack\ScopeStack.vcxproj", "{0AE7CD6E-0797-422E-8DB9-407E517624A5}"
EndProject
Project("{8BC9CEB8-8B4A-11D0-8D11-00A0C91BC942}") = "SemiExp", "SemiExp\SemiExp.vcxproj", "{C1131546-C8AE-4A24-A866-4A28DFDB72B9}"
EndProject
Project("{8BC9CEB8-8B4A-11D0-8D11-00A0C91BC942}") = "Tokenizer", "Tokenizer\Tokenizer.vcxproj", "{FD63AD3D-4A25-4F5C-BD43-1E19192357F2}"
EndProject
Project("{8BC9CEB8-8B4A-11D0-8D11-00A0C91BC942}") = "Cpp11-BlockingQueue", "Cpp11-BlockingQueue\Cpp11-BlockingQueue.vcxproj", "{9EFC55B0-E8E8-443D-920F-C09D0AF54185}"
EndProject
Project("{8BC9CEB8-8B4A-11D0-8D11-00A0C91BC942}") = "Utilities", "Utilities\Utilities.vcxproj", "{462B43B2-8B13-4178-BF2A-903F76F1985C}"
EndProject
Project("{8BC9CEB8-8B4A-11D0-8D11-00A0C91BC942}") = "CodeAnalyzer", "CodeAnalyzer\Executive.vcxproj", "{936434E9-93F0-467B-BBB7-D682483244BA}"
EndProject
Project("{8BC9CEB8-8B4A-11D0-8D11-00A0C91BC942}") = "Graph", "Graph\Graph.vcxproj", "{2A178BA5-9840-47FD-8047-4D832B22FB1D}"
EndProject
Project("{8BC9CEB8-8B4A-11D0-8D11-00A0C91BC942}") = "CodePublisher", "CodePublisher\CodePublisher.vcxproj", "{C8194E8C-B0CA-4B1C-91A3-D4DC37072680}"
EndProject
Project("{8BC9CEB8-8B4A-11D0-8D11-00A0C91BC942}") = "MsgServer", "MsgServer\MsgServer.vcxproj", "{DDD0F276-CFCF-4D2C-ABE0-0FCADEDC4E55}"
EndProject
Project("{8BC9CEB8-8B4A-11D0-8D11-00A0C91BC942}") = "HttpMessage", "HttpMessage\HttpMessage.vcxproj", "{3145A0F7-CEED-4551-A9F6-74AA9189BAAD}"
EndProject
Project("{8BC9CEB8-8B4A-11D0-8D11-00A0C91BC942}") = "Sockets", "Sockets\Sockets.vcxproj", "{CA3129B8-1BF4-44C9-B116-53EC72D0BCCB}"
EndProject
Project("{8BC9CEB8-8B4A-11D0-8D11-00A0C91BC942}") = "zWindowsHelpers", "WindowsHelpers\zWindowsHelpers.vcxproj", "{3407BBC5-5BC7-4BD7-860D-CBC24715737B}"
EndProject
Project("{8BC9CEB8-8B4A-11D0-8D11-00A0C91BC942}") = "UtilitiesV2", "VersionMismatch\Utilities\UtilitiesV2.vcxproj", "{F4C5BE2C-DBE4-409E-B8A9-AD35A61D4006}"
EndProject
Project("{8BC9CEB8-8B4A-11D0-8D11-00A0C91BC942}") = "LoggerV2", "VersionMismatch\Logger\LoggerV2.vcxproj", "{B42BC458-95C3-4C57-8F3F-F9597A496E33}"
EndProject
Project("{FAE04EC0-301F-11D3-BF4B-00C04F79EFBC}") = "PublisherClient", "PublisherClient\PublisherClient.csproj", "{DF9BC8E9-ABB2-4A37-ABC4-5281BF231939}"
	ProjectSection(ProjectDependencies) = postProject
		{02959537-4E61-43F1-A15F-310ED67DFAFE} = {02959537-4E61-43F1-A15F-310ED67DFAFE}
	EndProjectSection
EndProject
Project("{8BC9CEB8-8B4A-11D0-8D11-00A0C91BC942}") = "MsgClient", "MsgClient\MsgClient.vcxproj", "{86C0AC06-2141-44AA-860E-51575230FAF2}"
EndProject
Project("{8BC9CEB8-8B4A-11D0-8D11-00A0C91BC942}") = "MockChannel", "MockChannel\MockChannel.vcxproj", "{8A5B596C-C501-4CF0-AF7E-6E23F53B18BD}"
EndProject
Project("{8BC9CEB8-8B4A-11D0-8D11-00A0C91BC942}") = "CliCppBridge", "CliCppBridge\CliCppBridge.vcxproj", "{02959537-4E61-43F1-A15F-310ED67DFAFE}"
EndProject
Global
	GlobalSection(SolutionConfigurationPlatforms) = preSolution
		Debug|Any CPU = Debug|Any CPU
		Debug|x64 = Debug|x64
		Debug|x86 = Debug|x86
		Release|Any CPU = Release|Any CPU
		Release|x64 = Release|x64
		Release|x86 = Release|x86
	EndGlobalSection
	GlobalSection(ProjectConfigurationPlatforms) = postSolution
		{AC00494F-1347-47E2-B499-0F4B984B02D7}.Debug|Any CPU.ActiveCfg = Debug|Win32
		{AC00494F-1347-47E2-B499-0F4B984B02D7}.Debug|x64.ActiveCfg = Debug|x64
		{AC00494F-1347-47E2-B499-0F4B984B02D7}.Debug|x64.Build.0 = Debug|x64
		{AC00494F-1347-47E2-B499-0F4B984B02D7}.Debug|x86.ActiveCfg = Debug|Win32
		{AC00494F-1347-47E2-B499-0F4B984B02D7}.Debug|x86.Build.0 = Debug|Win32
		{AC00494F-1347-47E2-B499-0F4B984B02D7}.Release|Any CPU.ActiveCfg = Release|Win32
		{AC00494F-1347-47E2-B499-0F4B984B02D7}.Release|x64.ActiveCfg = Release|x64
		{AC00494F-1347-47E2-B499-0F4B984B02D7}.Release|x64.Build.0 = Release|x64
		{AC00494F-1347-47E2-B499-0F4B984B02D7}.Release|x86.ActiveCfg = Release|Win32
		{AC00494F-1347-47E2-B499-0F4B984B02D7}.Release|x86.Build.0 = Release|Win32
		{C6413899-939E-48E8-A9E6-61C8D36C718F}.Debug|Any CPU.ActiveCfg = Debug|Win32
		{C6413899-939E-48E8-A9E6-61C8D36C718F}.Debug|x64.ActiveCfg = Debug|x64
		{C6413899-939E-48E8-A9E6-61C8D36C718F}.Debug|x64.Build.0 = Debug|x64
		{C6413899-939E-48E8-A9E6-61C8D36C718F}.Debug|x86.ActiveCfg = Debug|Win32
		{C6413899-939E-48E8-A9E6-61C8D36C718F}.Debug|x86.Build.0 = Debug|Win32
		{C6413899-939E-48E8-A9E6-61C8D36C718F}.Release|Any CPU.ActiveCfg = Release|Win32
		{C6413899-939E-48E8-A9E6-61C8D36C718F}.Release|x64.ActiveCfg = Release|x64
		{C6413899-939E-48E8-A9E6-61C8D36C718F}.Release|x64.Build.0 = Release|x64
		{C6413899-939E-48E8-A9E6-61C8D36C718F}.Release|x86.ActiveCfg = Release|Win32
		{C6413899-939E-48E8-A9E6-61C8D36C718F}.Release|x86.Build.0 = Release|Win32
		{0014FC10-6562-426A-89E4-3CFE0400810C}.Debug|Any CPU.ActiveCfg = Debug|Win32
		{0014FC10-6562-426A-89E4-3CFE0400810C}.Debug|x64.ActiveCfg = Debug|x64
		{0014FC10-6562-426A-89E4-3CFE0400810C}.Debug|x64.Build.0 = Debug|x64
		{0014FC10-6562-426A-89E4-3CFE0400810C}.Debug|x86.ActiveCfg = Debug|Win32
		{0014FC10-6562-426A-89E4-3CFE0400810C}.Debug|x86.Build.0 = Debug|Win32
		{0014FC10-6562-426A-89E4-3CFE0400810C}.Release|Any CPU.ActiveCfg = Release|Win32
		{0014FC10-6562-426A-89E4-3CFE0400810C}.Release|x64.ActiveCfg = Release|x64
		{0014FC10-6562-426A-89E4-3CFE0400810C}.Release|x64.Build.0 = Release|x64
		{0014FC10-6562-426A-89E4-3CFE0400810C}.Release|x86.ActiveCfg = Release|Win32
		{0014FC10-6562-426A-89E4-3CFE0400810C}.Release|x86.Build.0 = Release|Win32
		{570CF30D-611A-42EB-AB4E-EC57CC0E533D}.Debug|Any CPU.ActiveCfg = Debug|Win32
		{570CF30D-611A-42EB-AB4E-EC57CC0E533D}.Debug|x64.ActiveCfg = Debug|x64
		{570CF30D-611A-42EB-AB4E-EC57CC0E533D}.Debug|x64.Build.0 = Debug|x64
		{570CF30D-611A-42EB-AB4E-EC57CC0E533D}.Debug|x86.ActiveCfg = Debug|Win32
		{570CF30D-611A-42EB-AB4E-EC57CC0E533D}.Debug|x86.Build.0 = Debug|Win32
		{570CF30D-611A-42EB-AB4E-EC57CC0E533D}.Release|Any CPU.ActiveCfg = Release|Win32
		{570CF30D-611A-42EB-AB4E-EC57CC0E533D}.Release|x64.ActiveCfg = Release|x64
		{570CF30D-611A-42EB-AB4E-EC57CC0E533D}.Release|x64.Build.0 = Release|x64
		{570CF30D-611A-42EB-AB4E-EC57CC0E533D}.Release|x86.ActiveCfg = Release|Win32
		{570CF30D-611A-42EB-AB4E-EC57CC0E533D}.Release|x86.Build.0 = Release|Win32
		{846BA42A-C4A3-4744-83DB-A51DBB80564C}.Debug|Any CPU.ActiveCfg = Debug|Win32
		{846BA42A-C4A3-4744-83DB-A51DBB80564C}.Debug|x64.ActiveCfg = Debug|x64
		{846BA42A-C4A3-4744-83DB-A51DBB80564C}.Debug|x64.Build.0 = Debug|x64
		{846BA42A-C4A3-4744-83DB-A51DBB80564C}.Debug|x86.ActiveCfg = Debug|Win32
		{846BA42A-C4A3-4744-83DB-A51DBB80564C}.Debug|x86.Build.0 = Debug|Win32
		{846BA42A-C4A3-4744-83DB-A51DBB80564C}.Release|Any CPU.ActiveCfg = Release|Win32
		{846BA42A-C4A3-4744-83DB-A51DBB80564C}.Release|x64.ActiveCfg = Release|x64
		{846BA42A-C4A3-4744-83DB-A51DBB80564C}.Release|x64.Build.0 = Release|x64
		{846BA42A-C4A3-4744-83DB-A51DBB80564C}.Release|x86.ActiveCfg = Release|Win32
		{846BA42A-C4A3-4744-83DB-A51DBB80564C}.Release|x86.Build.0 = Release|Win32
		{0A82ECDC-7520-453A-8F2C-D813FEEE7537}.Debug|Any CPU.ActiveCfg = Debug|Win32
		{0A82ECDC-7520-453A-8F2C-D813FEEE7537}.Debug|x64.ActiveCfg = Debug|Win32
		{0A82ECDC-7520-453A-8F2C-D813FEEE7537}.Debug|x86.ActiveCfg = Debug|Win32
		{0A82ECDC-7520-453A-8F2C-D813FEEE7537}.Debug|x86.Build.0 = Debug|Win32
		{0A82ECDC-7520-453A-8F2C-D813FEEE7537}.Release|Any CPU.ActiveCfg = Release|Win32
		{0A82ECDC-7520-453A-8F2C-D813FEEE7537}.Release|x64.ActiveCfg = Release|Win32
		{0A82ECDC-7520-453A-8F2C-D813FEEE7537}.Release|x86.ActiveCfg = Release|Win32
		{0A82ECDC-7520-453A-8F2C-D813FEEE7537}.Release|x86.Build.0 = Release|Win32
		{406B7BC4-3A0D-4E79-A55F-39E1FB33A5ED}.Debug|Any CPU.ActiveCfg = Debug|Win32
		{406B7BC4-3A0D-4E79-A55F-39E1FB33A5ED}.Debug|x64.ActiveCfg = Debug|Win32
		{406B7BC4-3A0D-4E79-A55F-39E1FB33A5ED}.Debug|x86.ActiveCfg = Debug|Win32
		{406B7BC4-3A0D-4E79-A55F-39E1FB33A5ED}.Debug|x86.Build.0 = Debug|Win32
		{406B7BC4-3A0D-4E79-A55F-39E1FB33A5ED}.Release|Any CPU.ActiveCfg = Release|Win32
		{406B7BC4-3A0D-4E79-A55F-39E1FB33A5ED}.Release|x64.ActiveCfg = Release|Win32
		{406B7BC4-3A0D-4E79-A55F-39E1FB33A5ED}.Release|x86.ActiveCfg = Release|Win32
		{406B7BC4-3A0D-4E79-A55F-39E1FB33A5ED}.Release|x86.Build.0 = Release|Win32
		{53C7C53B-4D2F-4E71-9AF3-0B77DD0034B3}.Debug|Any CPU.ActiveCfg = Debug|Win32
		{53C7C53B-4D2F-4E71-9AF3-0B77DD0034B3}.Debug|x64.ActiveCfg = Debug|x64
		{53C7C53B-4D2F-4E71-9AF3-0B77DD0034B3}.Debug|x64.Build.0 = Debug|x64
		{53C7C53B-4D2F-4E71-9AF3-0B77DD0034B3}.Debug|x86.ActiveCfg = Debug|Win32
		{53C7C53B-4D2F-4E71-9AF3-0B77DD0034B3}.Debug|x86.Build.0 = Debug|Win32
		{53C7C53B-4D2F-4E71-9AF3-0B77DD0034B3}.Release|Any CPU.ActiveCfg = Release|Win32
		{53C7C53B-4D2F-4E71-9AF3-0B77DD0034B3}.Release|x64.ActiveCfg = Release|x64
		{53C7C53B-4D2F-4E71-9AF3-0B77DD0034B3}.Release|x64.Build.0 = Release|x64
		{53C7C53B-4D2F-4E71-9AF3-0B77DD0034B3}.Release|x86.ActiveCfg = Release|Win32
		{53C7C53B-4D2F-4E71-9AF3-0B77DD0034B3}.Release|x86.Build.0 = Release|Win32
		{DDEE27FF-855E-4D10-AD7B-79CB8966EF13}.Debug|Any CPU.ActiveCfg = Debug|Win32
		{DDEE27FF-855E-4D10-AD7B-79CB8966EF13}.Debug|x64.ActiveCfg = Debug|Win32
		{DDEE27FF-855E-4D10-AD7B-79CB8966EF13}.Debug|x86.ActiveCfg = Debug|Win32
		{DDEE27FF-855E-4D10-AD7B-79CB8966EF13}.Debug|x86.Build.0 = Debug|Win32
		{DDEE27FF-855E-4D10-AD7B-79CB8966EF13}.Release|Any CPU.ActiveCfg = Release|Win32
		{DDEE27FF-855E-4D10-AD7B-79CB8966EF13}.Release|x64.ActiveCfg = Release|Win32
		{DDEE27FF-855E-4D10-AD7B-79CB8966EF13}.Release|x86.ActiveCfg = Release|Win32
		{DDEE27FF-855E-4D10-AD7B-79CB8966EF13}.Release|x86.Build.0 = Release|Win32
		{04CB7A5F-7472-4F19-9EA9-00B80063658C}.Debug|Any CPU.ActiveCfg = Debug|Win32
		{04CB7A5F-7472-4F19-9EA9-00B80063658C}.Debug|x64.ActiveCfg = Debug|x64
		{04CB7A5F-7472-4F19-9EA9-00B80063658C}.Debug|x64.Build.0 = Debug|x64
		{04CB7A5F-7472-4F19-9EA9-00B80063658C}.Debug|x86.ActiveCfg = Debug|Win32
		{04CB7A5F-7472-4F19-9EA9-00B80063658C}.Debug|x86.Build.0 = Debug|Win32
		{04CB7A5F-7472-4F19-9EA9-00B80063658C}.Release|Any CPU.ActiveCfg = Release|Win32
		{04CB7A5F-7472-4F19-9EA9-00B80063658C}.Release|x64.ActiveCfg = Release|x64
		{04CB7A5F-7472-4F19-9EA9-00B80063658C}.Release|x64.Build.0 = Release|x64
		{04CB7A5F-7472-4F19-9EA9-00B80063658C}.Release|x86.ActiveCfg = Release|Win32
		{04CB7A5F-7472-4F19-9EA9-00B80063658C}.Release|x86.Build.0 = Release|Win32
		{119080C0-DA30-4A3C-85D6-37315067CB1A}.Debug|Any CPU.ActiveCfg = Debug|Win32
		{119080C0-DA30-4A3C-85D6-37315067CB1A}.Debug|x64.ActiveCfg = Debug|x64
		{119080C0-DA30-4A3C-85D6-37315067CB1A}.Debug|x64.Build.0 = Debug|x64
		{119080C0-DA30-4A3C-85D6-37315067CB1A}.Debug|x86.ActiveCfg = Debug|Win32
		{119080C0-DA30-4A3C-85D6-37315067CB1A}.Debug|x86.Build.0 = Debug|Win32
		{119080C0-DA30-4A3C-85D6-37315067CB1A}.Release|Any CPU.ActiveCfg = Release|Win32
		{119080C0-DA30-4A3C-85D6-37315067CB1A}.Release|x64.ActiveCfg = Release|x64
		{119080C0-DA30-4A3C-85D6-37315067CB1A}.Release|x64.Build.0 = Release|x64
		{119080C0-DA30-4A3C-85D6-37315067CB1A}.Release|x86.ActiveCfg = Release|Win32
		{119080C0-DA30-4A3C-85D6-37315067CB1A}.Release|x86.Build.0 = Release|Win32
		{66D2C764-9DA8-4505-B869-8E84E8968F7C}.Debug|Any CPU.ActiveCfg = Debug|Win32
		{66D2C764-9DA8-4505-B869-8E84E8968F7C}.Debug|x64.ActiveCfg = Debug|x64
		{66D2C764-9DA8-4505-B869-8E84E8968F7C}.Debug|x64.Build.0 = Debug|x64
		{66D2C764-9DA8-4505-B869-8E84E8968F7C}.Debug|x86.ActiveCfg = Debug|Win32
		{66D2C764-9DA8-4505-B869-8E84E8968F7C}.Debug|x86.Build.0 = Debug|Win32
		{66D2C764-9DA8-4505-B869-8E84E8968F7C}.Release|Any CPU.ActiveCfg = Release|Win32
		{66D2C764-9DA8-4505-B869-8E84E8968F7C}.Release|x64.ActiveCfg = Release|x64
		{66D2C764-9DA8-4505-B869-8E84E8968F7C}.Release|x64.Build.0 = Release|x64
		{66D2C764-9DA8-4505-B869-8E84E8968F7C}.Release|x86.ActiveCfg = Release|Win32
		{66D2C764-9DA8-4505-B869-8E84E8968F7C}.Release|x86.Build.0 = Release|Win32
		{77BE9964-7862-4D05-AFF0-B42718AAE386}.Debug|Any CPU.ActiveCfg = Debug|Win32
		{77BE9964-7862-4D05-AFF0-B42718AAE386}.Debug|x64.ActiveCfg = Debug|x64
		{77BE9964-7862-4D05-AFF0-B42718AAE386}.Debug|x64.Build.0 = Debug|x64
		{77BE9964-7862-4D05-AFF0-B42718AAE386}.Debug|x86.ActiveCfg = Debug|Win32
		{77BE9964-7862-4D05-AFF0-B42718AAE386}.Debug|x86.Build.0 = Debug|Win32
		{77BE9964-7862-4D05-AFF0-B42718AAE386}.Release|Any CPU.ActiveCfg = Release|Win32
		{77BE9964-7862-4D05-AFF0-B42718AAE386}.Release|x64.ActiveCfg = Release|x64
		{77BE9964-7862-4D05-AFF0-B42718AAE386}.Release|x64.Build.0 = Release|x64
		{77BE9964-7862-4D05-AFF0-B42718AAE386}.Release|x86.ActiveCfg = Release|Win32
		{77BE9964-7862-4D05-AFF0-B42718AAE386}.Release|x86.Build.0 = Release|Win32
		{0AE7CD6E-0797-422E-8DB9-407E517624A5}.Debug|Any CPU.ActiveCfg = Debug|Win32
		{0AE7CD6E-0797-422E-8DB9-407E517624A5}.Debug|x64.ActiveCfg = Debug|x64
		{0AE7CD6E-0797-422E-8DB9-407E517624A5}.Debug|x64.Build.0 = Debug|x64
		{0AE7CD6E-0797-422E-8DB9-407E517624A5}.Debug|x86.ActiveCfg = Debug|Win32
		{0AE7CD6E-0797-422E-8DB9-407E517624A5}.Debug|x86.Build.0 = Debug|Win32
		{0AE7CD6E-0797-422E-8DB9-407E517624A5}.Release|Any CPU.ActiveCfg = Release|Win32
		{0AE7CD6E-0797-422E-8DB9-407E517624A5}.Release|x64.ActiveCfg = Release|x64
		{0AE7CD6E-0797-422E-8DB9-407E517624A5}.Release|x64.Build.0 = Release|x64
		{0AE7CD6E-0797-422E-8DB9-407E517624A5}.Release|x86.ActiveCfg = Release|Win32
		{0AE7CD6E-0797-422E-8DB9-407E517624A5}.Release|x86.Build.0 = Release|Win32
		{C1131546-C8AE-4A24-A866-4A28DFDB72B9}.Debug|Any CPU.ActiveCfg = Debug|Win32
		{C1131546-C8AE-4A24-A866-4A28DFDB72B9}.Debug|x64.ActiveCfg = Debug|x64
		{C1131546-C8AE-4A24-A866-4A28DFDB72B9}.Debug|x64.Build.0 = Debug|x64
		{C1131546-C8AE-4A24-A866-4A28DFDB72B9}.Debug|x86.ActiveCfg = Debug|Win32
		{C1131546-C8AE-4A24-A866-4A28DFDB72B9}.Debug|x86.Build.0 = Debug|Win32
		{C1131546-C8AE-4A24-A866-4A28DFDB72B9}.Release|Any CPU.ActiveCfg = Release|Win32
		{C1131546-C8AE-4A24-A866-4A28DFDB72B9}.Release|x64.ActiveCfg = Release|x64
		{C1131546-C8AE-4A24-A866-4A28DFDB72B9}.Release|x64.Build.0 = Release|x64
		{C1131546-C8AE-4A24-A866-4A28DFDB72B9}.Release|x86.ActiveCfg = Release|Win32
		{C1131546-C8AE-4A24-A866-4A28DFDB72B9}.Release|x86.Build.0 = Release|Win32
		{FD63AD3D-4A25-4F5C-BD43-1E19192357F2}.Debug|Any CPU.ActiveCfg = Debug|Win32
		{FD63AD3D-4A25-4F5C-BD43-1E19192357F2}.Debug|x64.ActiveCfg = Debug|Win32
		{FD63AD3D-4A25-4F5C-BD43-1E19192357F2}.Debug|x86.ActiveCfg = Debug|Win32
		{FD63AD3D-4A25-4F5C-BD43-1E19192357F2}.Debug|x86.Build.0 = Debug|Win32
		{FD63AD3D-4A25-4F5C-BD43-1E19192357F2}.Release|Any CPU.ActiveCfg = Release|Win32
		{FD63AD3D-4A25-4F5C-BD43-1E19192357F2}.Release|x64.ActiveCfg = Release|Win32
		{FD63AD3D-4A25-4F5C-BD43-1E19192357F2}.Release|x86.ActiveCfg = Release|Win32
		{FD63AD3D-4A25-4F5C-BD43-1E19192357F2}.Release|x86.Build.0 = Release|Win32
		{9EFC55B0-E8E8-443D-920F-C09D0AF54185}.Debug|Any CPU.ActiveCfg = Debug|Win32
		{9EFC55B0-E8E8-443D-920F-C09D0AF54185}.Debug|x64.ActiveCfg = Debug|x64
		{9EFC55B0-E8E8-443D-920F-C09D0AF54185}.Debug|x64.Build.0 = Debug|x64
		{9EFC55B0-E8E8-443D-920F-C09D0AF54185}.Debug|x86.ActiveCfg = Debug|Win32
		{9EFC55B0-E8E8-443D-920F-C09D0AF54185}.Debug|x86.Build.0 = Debug|Win32
		{9EFC55B0-E8E8-443D-920F-C09D0AF54185}.Release|Any CPU.ActiveCfg = Release|Win32
		{9EFC55B0-E8E8-443D-920F-C09D0AF54185}.Release|x64.ActiveCfg = Release|x64
		{9EFC55B0-E8E8-443D-920F-C09D0AF54185}.Release|x64.Build.0 = Release|x64
		{9EFC55B0-E8E8-443D-920F-C09D0AF54185}.Release|x86.ActiveCfg = Release|Win32
		{9EFC55B0-E8E8-443D-920F-C09D0AF54185}.Release|x86.Build.0 = Release|Win32
		{462B43B2-8B13-4178-BF2A-903F76F1985C}.Debug|Any CPU.ActiveCfg = Debug|Win32
		{462B43B2-8B13-4178-BF2A-903F76F1985C}.Debug|x64.ActiveCfg = Debug|x64
		{462B43B2-8B13-4178-BF2A-903F76F1985C}.Debug|x64.Build.0 = Debug|x64
		{462B43B2-8B13-4178-BF2A-903F76F1985C}.Debug|x86.ActiveCfg = Debug|Win32
		{462B43B2-8B13-4178-BF2A-903F76F1985C}.Debug|x86.Build.0 = Debug|Win32
		{462B43B2-8B13-4178-BF2A-903F76F1985C}.Release|Any CPU.ActiveCfg = Release|Win32
		{462B43B2-8B13-4178-BF2A-903F76F1985C}.Release|x64.ActiveCfg = Release|x64
		{462B43B2-8B13-4178-BF2A-903F76F1985C}.Release|x64.Build.0 = Release|x64
		{462B43B2-8B13-4178-BF2A-903F76F1985C}.Release|x86.ActiveCfg = Release|Win32
		{462B43B2-8B13-4178-BF2A-903F76F1985C}.Release|x86.Build.0 = Release|Win32
		{936434E9-93F0-467B-BBB7-D682483244BA}.Debug|Any CPU.ActiveCfg = Debug|Win32
		{936434E9-93F0-467B-BBB7-D682483244BA}.Debug|x64.ActiveCfg = Debug|x64
		{936434E9-93F0-467B-BBB7-D682483244BA}.Debug|x64.Build.0 = Debug|x64
		{936434E9-93F0-467B-BBB7-D682483244BA}.Debug|x86.ActiveCfg = Debug|Win32
		{936434E9-93F0-467B-BBB7-D682483244BA}.Debug|x86.Build.0 = Debug|Win32
		{936434E9-93F0-467B-BBB7-D682483244BA}.Release|Any CPU.ActiveCfg = Release|Win32
		{936434E9-93F0-467B-BBB7-D682483244BA}.Release|x64.ActiveCfg = Release|x64
		{936434E9-93F0-467B-BBB7-D682483244BA}.Release|x64.Build.0 = Release|x64
		{936434E9-93F0-467B-BBB7-D682483244BA}.Release|x86.ActiveCfg = Release|Win32
		{936434E9-93F0-467B-BBB7-D682483244BA}.Release|x86.Build.0 = Release|Win32
		{2A178BA5-9840-47FD-8047-4D832B22FB1D}.Debug|Any CPU.ActiveCfg = Debug|Win32
		{2A178BA5-9840-47FD-8047-4D832B22FB1D}.Debug|x64.ActiveCfg = Debug|Win32
		{2A178BA5-9840-47FD-8047-4D832B22FB1D}.Debug|x86.ActiveCfg = Debug|Win32
		{2A178BA5-9840-47FD-8047-4D832B22FB1D}.Debug|x86.Build.0 = Debug|Win32
		{2A178BA5-9840-47FD-8047-4D832B22FB1D}.Release|Any CPU.ActiveCfg = Release|Win32
		{2A178BA5-9840-47FD-8047-4D832B22FB1D}.Release|x64.ActiveCfg = Release|Win32
		{2A178BA5-9840-47FD-8047-4D832B22FB1D}.Release|x86.ActiveCfg = Release|Win32
		{2A178BA5-9840-47FD-8047-4D832B22FB1D}.Release|x86.Build.0 = Release|Win32
		{C8194E8C-B0CA-4B1C-91A3-D4DC37072680}.Debug|Any CPU.ActiveCfg = Debug|Win32
		{C8194E8C-B0CA-4B1C-91A3-D4DC37072680}.Debug|x64.ActiveCfg = Debug|x64
		{C8194E8C-B0CA-4B1C-91A3-D4DC37072680}.Debug|x64.Build.0 = Debug|x64
		{C8194E8C-B0CA-4B1C-91A3-D4DC37072680}.Debug|x86.ActiveCfg = Debug|Win32
		{C8194E8C-B0CA-4B1C-91A3-D4DC37072680}.Debug|x86.Build.0 = Debug|Win32
		{C8194E8C-B0CA-4B1C-91A3-D4DC37072680}.Release|Any CPU.ActiveCfg = Release|Win32
		{C8194E8C-B0CA-4B1C-91A3-D4DC37072680}.Release|x64.ActiveCfg = Release|x64
		{C8194E8C-B0CA-4B1C-91A3-D4DC37072680}.Release|x64.Build.0 = Release|x64
		{C8194E8C-B0CA-4B1C-91A3-D4DC37072680}.Release|x86.ActiveCfg = Release|Win32
		{C8194E8C-B0CA-4B1C-91A3-D4DC37072680}.Release|x86.Build.0 = Release|Win32
		{DDD0F276-CFCF-4D2C-ABE0-0FCADEDC4E55}.Debug|Any CPU.ActiveCfg = Debug|Win32
		{DDD0F276-CFCF-4D2C-ABE0-0FCADEDC4E55}.Debug|x64.ActiveCfg = Debug|x64
		{DDD0F276-CFCF-4D2C-ABE0-0FCADEDC4E55}.Debug|x64.Build.0 = Debug|x64
		{DDD0F276-CFCF-4D2C-ABE0-0FCADEDC4E55}.Debug|x86.ActiveCfg = Debug|Win32
		{DDD0F276-CFCF-4D2C-ABE0-0FCADEDC4E55}.Debug|x86.Build.0 = Debug|Win32
		{DDD0F276-CFCF-4D2C-ABE0-0FCADEDC4E55}.Release|Any CPU.ActiveCfg = Release|Win32
		{DDD0F276-CFCF-4D2C-ABE0-0FCADEDC4E55}.Release|x64.ActiveCfg = Release|x64
		{DDD0F276-CFCF-4D2C-ABE0-0FCADEDC4E55}.Release|x64.Build.0 = Release|x64
		{DDD0F276-CFCF-4D2C-ABE0-0FCADEDC4E55}.Release|x86.ActiveCfg = Release|Win32
		{DDD0F276-CFCF-4D2C-ABE0-0FCADEDC4E55}.Release|x86.Build.0 = Release|Win32
		{3145A0F7-CEED-4551-A9F6-74AA9189BAAD}.Debug|Any CPU.ActiveCfg = Debug|Win32
		{3145A0F7-CEED-4551-A9F6-74AA9189BAAD}.Debug|x64.ActiveCfg = Debug|x64
		{3145A0F7-CEED-4551-A9F6-74AA9189BAAD}.Debug|x64.Build.0 = Debug|x64
		{3145A0F7-CEED-4551-A9F6-74AA9189BAAD}.Debug|x86.ActiveCfg = Debug|Win32
		{3145A0F7-CEED-4551-A9F6-74AA9189BAAD}.Debug|x86.Build.0 = Debug|Win32
		{3145A0F7-CEED-4551-A9F6-74AA9189BAAD}.Release|Any CPU.ActiveCfg = Release|Win32
		{3145A0F7-CEED-4551-A9F6-74AA9189BAAD}.Release|x64.ActiveCfg = Release|x64
		{3145A0F7-CEED-4551-A9F6-74AA9189BAAD}.Release|x64.Build.0 = Release|x64
		{3145A0F7-CEED-4551-A9F6-74AA9189BAAD}.Release|x86.ActiveCfg = Release|Win32
		{3145A0F7-CEED-4551-A9F6-74AA9189BAAD}.Release|x86.Build.0 = Release|Win32
		{CA3129B8-1BF4-44C9-B116-53EC72D0BCCB}.Debug|Any CPU.ActiveCfg = Debug|Win32
		{CA3129B8-1BF4-44C9-B116-53EC72D0BCCB}.Debug|x64.ActiveCfg = Debug|Win32
		{CA3129B8-1BF4-44C9-B116-53EC72D0BCCB}.Debug|x86.ActiveCfg = Debug|Win32
		{CA3129B8-1BF4-44C9-B116-53EC72D0BCCB}.Debug|x86.Build.0 = Debug|Win32
		{CA3129B8-1BF4-44C9-B116-53EC72D0BCCB}.Release|Any CPU.ActiveCfg = Release|Win32
		{CA3129B8-1BF4-44C9-B116-53EC72D0BCCB}.Release|x64.ActiveCfg = Release|Win32
		{CA3129B8-1BF4-44C9-B116-53EC72D0BCCB}.Release|x86.ActiveCfg = Release|Win32
		{CA3129B8-1BF4-44C9-B116-53EC72D0BCCB}.Release|x86.Build.0 = Release|Win32
		{3407BBC5-5BC7-4BD7-860D-CBC24715737B}.Debug|Any CPU.ActiveCfg = Debug|Win32
		{3407BBC5-5BC7-4BD7-860D-CBC24715737B}.Debug|x64.ActiveCfg = Debug|Win32
		{3407BBC5-5BC7-4BD7-860D-CBC24715737B}.Debug|x86.ActiveCfg = Debug|Win32
		{3407BBC5-5BC7-4BD7-860D-CBC24715737B}.Debug|x86.Build.0 = Debug|Win32
		{3407BBC5-5BC7-4BD7-860D-CBC24715737B}.Release|Any CPU.ActiveCfg = Release|Win32
		{3407BBC5-5BC7-4BD7-860D-CBC24715737B}.Release|x64.ActiveCfg = Release|Win32
		{3407BBC5-5BC7-4BD7-860D-CBC24715737B}.Release|x86.ActiveCfg = Release|Win32
		{3407BBC5-5BC7-4BD7-860D-CBC24715737B}.Release|x86.Build.0 = Release|Win32
		{F4C5BE2C-DBE4-409E-B8A9-AD35A61D4006}.Debug|Any CPU.ActiveCfg = Debug|Win32
		{F4C5BE2C-DBE4-409E-B8A9-AD35A61D4006}.Debug|x64.ActiveCfg = Debug|x64
		{F4C5BE2C-DBE4-409E-B8A9-AD35A61D4006}.Debug|x64.Build.0 = Debug|x64
		{F4C5BE2C-DBE4-409E-B8A9-AD35A61D4006}.Debug|x86.ActiveCfg = Debug|Win32
		{F4C5BE2C-DBE4-409E-B8A9-AD35A61D4006}.Debug|x86.Build.0 = Debug|Win32
		{F4C5BE2C-DBE4-409E-B8A9-AD35A61D4006}.Release|Any CPU.ActiveCfg = Release|Win32
		{F4C5BE2C-DBE4-409E-B8A9-AD35A61D4006}.Release|x64.ActiveCfg = Release|x64
		{F4C5BE2C-DBE4-409E-B8A9-AD35A61D4006}.Release|x64.Build.0 = Release|x64
		{F4C5BE2C-DBE4-409E-B8A9-AD35A61D4006}.Release|x86.ActiveCfg = Release|Win32
		{F4C5BE2C-DBE4-409E-B8A9-AD35A61D4006}.Release|x86.Build.0 = Release|Win32
		{B42BC458-95C3-4C57-8F3F-F9597A496E33}.Debug|Any CPU.ActiveCfg = Debug|Win32
		{B42BC458-95C3-4C57-8F3F-F9597A496E33}.Debug|x64.ActiveCfg = Debug|x64
		{B42BC458-95C3-4C57-8F3F-F9597A496E33}.Debug|x64.Build.0 = Debug|x64
		{B42BC458-95C3-4C57-8F3F-F9597A496E33}.Debug|x86.ActiveCfg = Debug|Win32
		{B42BC458-95C3-4C57-8F3F-F9597A496E33}.Debug|x86.Build.0 = Debug|Win32
		{B42BC458-95C3-4C57-8F3F-F9597A496E33}.Release|Any CPU.ActiveCfg = Release|Win32
		{B42BC458-95C3-4C57-8F3F-F9597A496E33}.Release|x64.ActiveCfg = Release|x64
		{B42BC458-95C3-4C57-8F3F-F9597A496E33}.Release|x64.Build.0 = Release|x64
		{B42BC458-95C3-4C57-8F3F-F9597A496E33}.Release|x86.ActiveCfg = Release|Win32
		{B42BC458-95C3-4C57-8F3F-F9597A496E33}.Release|x86.Build.0 = Release|Win32
		{DF9BC8E9-ABB2-4A37-ABC4-5281BF231939}.Debug|Any CPU.ActiveCfg = Debug|Any CPU
		{DF9BC8E9-ABB2-4A37-ABC4-5281BF231939}.Debug|Any CPU.Build.0 = Debug|Any CPU
		{DF9BC8E9-ABB2-4A37-ABC4-5281BF231939}.Debug|x64.ActiveCfg = Debug|Any CPU
		{DF9BC8E9-ABB2-4A37-ABC4-5281BF231939}.Debug|x64.Build.0 = Debug|Any CPU
		{DF9BC8E9-ABB2-4A37-ABC4-5281BF231939}.Debug|x86.ActiveCfg = Debug|Any CPU
		{DF9BC8E9-ABB2-4A37-ABC4-5281BF231939}.Debug|x86.Build.0 = Debug|Any CPU
		{DF9BC8E9-ABB2-4A37-ABC4-5281BF231939}.Release|Any CPU.ActiveCfg = Release|Any CPU
		{DF9BC8E9-ABB2-4A37-ABC4-5281BF231939}.Release|Any CPU.Build.0 = Release|Any CPU
		{DF9BC8E9-ABB2-4A37-ABC4-5281BF231939}.Release|x64.ActiveCfg = Release|Any CPU
		{DF9BC8E9-ABB2-4A37-ABC4-5281BF231939}.Release|x64.Build.0 = Release|Any CPU
		{DF9BC8E9-ABB2-4A37-ABC4-5281BF231939}.Release|x86.ActiveCfg = Release|Any CPU
		{DF9BC8E9-ABB2-4A37-ABC4-5281BF231939}.Release|x86.Build.0 = Release|Any CPU
		{86C0AC06-2141-44AA-860E-51575230FAF2}.Debug|Any CPU.ActiveCfg = Debug|Win32
		{86C0AC06-2141-44AA-860E-51575230FAF2}.Debug|x64.ActiveCfg = Debug|x64
		{86C0AC06-2141-44AA-860E-51575230FAF2}.Debug|x64.Build.0 = Debug|x64
		{86C0AC06-2141-44AA-860E-51575230FAF2}.Debug|x86.ActiveCfg = Debug|Win32
		{86C0AC06-2141-44AA-860E-51575230FAF2}.Debug|x86.Build.0 = Debug|Win32
		{86C0AC06-2141-44AA-860E-51575230FAF2}.Release|Any CPU.ActiveCfg = Release|Win32
		{86C0AC06-2141-44AA-860E-51575230FAF2}.Release|x64.ActiveCfg = Release|x64
		{86C0AC06-2141-44AA-860E-51575230FAF2}.Release|x64.Build.0 = Release|x64
		{86C0AC06-2141-44AA-860E-51575230FAF2}.Release|x86.ActiveCfg = Release|Win32
		{86C0AC06-2141-44AA-860E-51575230FAF2}.Release|x86.Build.0 = Release|Win32
		{8A5B596C-C501-4CF0-AF7E-6E23F53B18BD}.Debug|Any CPU.ActiveCfg = Debug|Win32
		{8A5B596C-C501-4CF0-AF7E-6E23F53B18BD}.Debug|x64.ActiveCfg = Debug|x64
		{8A5B596C-C501-4CF0-AF7E-6E23F53B18BD}.Debug|x64.Build.0 = Debug|x64
		{8A5B596C-C501-4CF0-AF7E-6E23F53B18BD}.Debug|x86.ActiveCfg = Debug|Win32
		{8A5B596C-C501-4CF0-AF7E-6E23F53B18BD}.Debug|x86.Build.0 = Debug|Win32
		{8A5B596C-C501-4CF0-AF7E-6E23F53B18BD}.Release|Any CPU.ActiveCfg = Release|Win32
		{8A5B596C-C501-4CF0-AF7E-6E23F53B18BD}.Release|x64.ActiveCfg = Release|x64
		{8A5B596C-C501-4CF0-AF7E-6E23F53B18BD}.Release|x64.Build.0 = Release|x64
		{8A5B596C-C501-4CF0-AF7E-6E23F53B18BD}.Release|x86.ActiveCfg = Release|Win32
		{8A5B596C-C501-4CF0-AF7E-6E23F53B18BD}.Release|x86.Build.0 = Release|Win32
		{02959537-4E61-43F1-A15F-310ED67DFAFE}.Debug|Any CPU.ActiveCfg = Debug|Win32
		{02959537-4E61-43F1-A15F-310ED67DFAFE}.Debug|x64.ActiveCfg = Debug|x64
		{02959537-4E61-43F1-A15F-310ED67DFAFE}.Debug|x64.Build.0 = Debug|x64
		{02959537-4E61-43F1-A15F-310ED67DFAFE}.Debug|x86.ActiveCfg = Debug|Win32
		{02959537-4E61-43F1-A15F-310ED67DFAFE}.Debug|x86.Build.0 = Debug|Win32
		{02959537-4E61-43F1-A15F-310ED67DFAFE}.Release|Any CPU.ActiveCfg = Release|Win32
		{02959537-4E61-43F1-A15F-310ED67DFAFE}.Release|x64.ActiveCfg = Release|x64
		{02959537-4E61-43F1-A15F-310ED67DFAFE}.Release|x64.Build.0 = Release|x64
		{02959537-4E61-43F1-A15F-310ED67DFAFE}.Release|x86.ActiveCfg = Release|Win32
		{02959537-4E61-43F1-A15F-310ED67DFAFE}.Release|x86.Build.0 = Release|Win32
	EndGlobalSection
	GlobalSection(SolutionProperties) = preSolution
		HideSolutionNode = FALSE
	EndGlobalSection
	GlobalSection(TeamFoundationVersionControl) = preSolution
		SccNumberOfProjects = 32
		SccEnterpriseProvider = {4CA58AB2-18FA-4F8D-95D4-32DDF27D184C}
		SccTeamFoundationServer = https://rohit-kulkarni93.visualstudio.com/
		SccProjectUniqueName0 = CppProperties\\CppProperties.vcxproj
		SccProjectName0 = CppProperties
		SccLocalPath0 = CppProperties
		SccProjectUniqueName1 = Convert\\Convert.vcxproj
		SccProjectName1 = Convert
		SccLocalPath1 = Convert
		SccProjectUniqueName2 = Core.Datastructures\\Core.Datastructures.vcxproj
		SccProjectName2 = Core.Datastructures
		SccLocalPath2 = Core.Datastructures
		SccProjectUniqueName3 = Core.DBEngine\\Core.DBEngine.vcxproj
		SccProjectName3 = Core.DBEngine
		SccLocalPath3 = Core.DBEngine
		SccProjectUniqueName4 = Core.StorageManager\\Core.StorageManager.vcxproj
		SccProjectName4 = Core.StorageManager
		SccLocalPath4 = Core.StorageManager
		SccProjectUniqueName5 = XmlDocument\\XmlDocument.vcxproj
		SccProjectName5 = XmlDocument
		SccLocalPath5 = XmlDocument
		SccProjectUniqueName6 = XmlElement\\XmlElement.vcxproj
		SccProjectName6 = XmlElement
		SccLocalPath6 = XmlElement
		SccProjectUniqueName7 = AbstractSyntaxTree\\AbstractSyntaxTree.vcxproj
		SccProjectName7 = AbstractSyntaxTree
		SccLocalPath7 = AbstractSyntaxTree
		SccProjectUniqueName8 = FileMgr\\FileMgr.vcxproj
		SccProjectName8 = FileMgr
		SccLocalPath8 = FileMgr
		SccProjectUniqueName9 = FileSystem\\FileSystem.vcxproj
		SccProjectName9 = FileSystem
		SccLocalPath9 = FileSystem
		SccProjectUniqueName10 = GrammarHelpers\\GrammarHelpers.vcxproj
		SccProjectName10 = GrammarHelpers
		SccLocalPath10 = GrammarHelpers
		SccProjectUniqueName11 = Logger\\Logger.vcxproj
		SccProjectName11 = Logger
		SccLocalPath11 = Logger
		SccProjectUniqueName12 = Parser\\Parser.vcxproj
		SccProjectName12 = Parser
		SccLocalPath12 = Parser
		SccProjectUniqueName13 = ScopeStack\\ScopeStack.vcxproj
		SccProjectName13 = ScopeStack
		SccLocalPath13 = ScopeStack
		SccProjectUniqueName14 = SemiExp\\SemiExp.vcxproj
		SccProjectName14 = SemiExp
		SccLocalPath14 = SemiExp
		SccProjectUniqueName15 = Tokenizer\\Tokenizer.vcxproj
		SccProjectName15 = Tokenizer
		SccLocalPath15 = Tokenizer
		SccProjectUniqueName16 = Cpp11-BlockingQueue\\Cpp11-BlockingQueue.vcxproj
		SccProjectName16 = Cpp11-BlockingQueue
		SccLocalPath16 = Cpp11-BlockingQueue
		SccProjectUniqueName17 = Utilities\\Utilities.vcxproj
		SccProjectName17 = Utilities
		SccLocalPath17 = Utilities
		SccProjectUniqueName18 = CodeAnalyzer\\Executive.vcxproj
		SccProjectName18 = CodeAnalyzer
		SccLocalPath18 = CodeAnalyzer
		SccProjectUniqueName19 = Graph\\Graph.vcxproj
		SccProjectName19 = Graph
		SccLocalPath19 = Graph
		SccProjectUniqueName20 = CodePublisher\\CodePublisher.vcxproj
		SccProjectName20 = CodePublisher
		SccLocalPath20 = CodePublisher
		SccProjectUniqueName21 = MsgServer\\MsgServer.vcxproj
		SccProjectName21 = MsgServer
		SccLocalPath21 = MsgServer
		SccProjectUniqueName22 = HttpMessage\\HttpMessage.vcxproj
		SccProjectName22 = HttpMessage
		SccLocalPath22 = HttpMessage
		SccProjectUniqueName23 = Sockets\\Sockets.vcxproj
		SccProjectName23 = Sockets
		SccLocalPath23 = Sockets
		SccProjectUniqueName24 = WindowsHelpers\\zWindowsHelpers.vcxproj
		SccProjectName24 = WindowsHelpers
		SccLocalPath24 = WindowsHelpers
		SccProjectUniqueName25 = VersionMismatch\\Utilities\\UtilitiesV2.vcxproj
		SccProjectName25 = VersionMismatch/Utilities
		SccLocalPath25 = VersionMismatch\\Utilities
		SccProjectUniqueName26 = VersionMismatch\\Logger\\LoggerV2.vcxproj
		SccProjectName26 = VersionMismatch/Logger
		SccLocalPath26 = VersionMismatch\\Logger
		SccProjectUniqueName27 = PublisherClient\\PublisherClient.csproj
		SccProjectName27 = PublisherClient
		SccLocalPath27 = PublisherClient
		SccProjectUniqueName28 = MsgClient\\MsgClient.vcxproj
		SccProjectName28 = MsgClient
		SccLocalPath28 = MsgClient
		SccProjectUniqueName29 = MockChannel\\MockChannel.vcxproj
		SccProjectName29 = MockChannel
		SccLocalPath29 = MockChannel
		SccProjectUniqueName30 = CliCppBridge\\CliCppBridge.vcxproj
		SccProjectName30 = CliCppBridge
		SccLocalPath30 = CliCppBridge
		SccLocalPath31 = .
	EndGlobalSection
EndGlobal
